// !$*UTF8*$!
{
	archiveVersion = 1;
	classes = {
	};
	objectVersion = 50;
	objects = {

/* Begin PBXBuildFile section */
		2A359CFA266960B800955100 /* LoginController.swift in Sources */ = {isa = PBXBuildFile; fileRef = 2A359CF9266960B800955100 /* LoginController.swift */; };
		2A359CFC2669613200955100 /* RegistrationController.swift in Sources */ = {isa = PBXBuildFile; fileRef = 2A359CFB2669613200955100 /* RegistrationController.swift */; };
		2A4B96D92668404200397DEA /* Extensions.swift in Sources */ = {isa = PBXBuildFile; fileRef = 2A4B96D82668404200397DEA /* Extensions.swift */; };
		2A9D9C8E2667FAF4005C1BFC /* AppDelegate.swift in Sources */ = {isa = PBXBuildFile; fileRef = 2A9D9C8D2667FAF4005C1BFC /* AppDelegate.swift */; };
		2A9D9C902667FAF4005C1BFC /* SceneDelegate.swift in Sources */ = {isa = PBXBuildFile; fileRef = 2A9D9C8F2667FAF4005C1BFC /* SceneDelegate.swift */; };
		2A9D9C952667FAF4005C1BFC /* Main.storyboard in Resources */ = {isa = PBXBuildFile; fileRef = 2A9D9C932667FAF4005C1BFC /* Main.storyboard */; };
		2A9D9C972667FAF5005C1BFC /* Assets.xcassets in Resources */ = {isa = PBXBuildFile; fileRef = 2A9D9C962667FAF5005C1BFC /* Assets.xcassets */; };
		2A9D9C9A2667FAF5005C1BFC /* LaunchScreen.storyboard in Resources */ = {isa = PBXBuildFile; fileRef = 2A9D9C982667FAF5005C1BFC /* LaunchScreen.storyboard */; };
		2A9D9CAB26680333005C1BFC /* MainTabBarController.swift in Sources */ = {isa = PBXBuildFile; fileRef = 2A9D9CAA26680333005C1BFC /* MainTabBarController.swift */; };
		2A9D9CAD26680676005C1BFC /* FeedController.swift in Sources */ = {isa = PBXBuildFile; fileRef = 2A9D9CAC26680676005C1BFC /* FeedController.swift */; };
		2A9D9CAF26680684005C1BFC /* ConversationController.swift in Sources */ = {isa = PBXBuildFile; fileRef = 2A9D9CAE26680684005C1BFC /* ConversationController.swift */; };
		2A9D9CB126680697005C1BFC /* ExploreController.swift in Sources */ = {isa = PBXBuildFile; fileRef = 2A9D9CB026680697005C1BFC /* ExploreController.swift */; };
		2A9D9CB3266806A9005C1BFC /* NotificationsController.swift in Sources */ = {isa = PBXBuildFile; fileRef = 2A9D9CB2266806A9005C1BFC /* NotificationsController.swift */; };
		2AC16333266BD3480007047A /* Utilities.swift in Sources */ = {isa = PBXBuildFile; fileRef = 2AC16332266BD3480007047A /* Utilities.swift */; };
/* End PBXBuildFile section */

/* Begin PBXFileReference section */
		2A359CF9266960B800955100 /* LoginController.swift */ = {isa = PBXFileReference; lastKnownFileType = sourcecode.swift; path = LoginController.swift; sourceTree = "<group>"; };
		2A359CFB2669613200955100 /* RegistrationController.swift */ = {isa = PBXFileReference; lastKnownFileType = sourcecode.swift; path = RegistrationController.swift; sourceTree = "<group>"; };
		2A4B96D82668404200397DEA /* Extensions.swift */ = {isa = PBXFileReference; lastKnownFileType = sourcecode.swift; path = Extensions.swift; sourceTree = "<group>"; };
		2A9D9C8A2667FAF4005C1BFC /* TwitterClone.app */ = {isa = PBXFileReference; explicitFileType = wrapper.application; includeInIndex = 0; path = TwitterClone.app; sourceTree = BUILT_PRODUCTS_DIR; };
		2A9D9C8D2667FAF4005C1BFC /* AppDelegate.swift */ = {isa = PBXFileReference; lastKnownFileType = sourcecode.swift; path = AppDelegate.swift; sourceTree = "<group>"; };
		2A9D9C8F2667FAF4005C1BFC /* SceneDelegate.swift */ = {isa = PBXFileReference; lastKnownFileType = sourcecode.swift; path = SceneDelegate.swift; sourceTree = "<group>"; };
		2A9D9C942667FAF4005C1BFC /* Base */ = {isa = PBXFileReference; lastKnownFileType = file.storyboard; name = Base; path = Base.lproj/Main.storyboard; sourceTree = "<group>"; };
		2A9D9C962667FAF5005C1BFC /* Assets.xcassets */ = {isa = PBXFileReference; lastKnownFileType = folder.assetcatalog; path = Assets.xcassets; sourceTree = "<group>"; };
		2A9D9C992667FAF5005C1BFC /* Base */ = {isa = PBXFileReference; lastKnownFileType = file.storyboard; name = Base; path = Base.lproj/LaunchScreen.storyboard; sourceTree = "<group>"; };
		2A9D9C9B2667FAF5005C1BFC /* Info.plist */ = {isa = PBXFileReference; lastKnownFileType = text.plist.xml; path = Info.plist; sourceTree = "<group>"; };
		2A9D9CAA26680333005C1BFC /* MainTabBarController.swift */ = {isa = PBXFileReference; lastKnownFileType = sourcecode.swift; path = MainTabBarController.swift; sourceTree = "<group>"; };
		2A9D9CAC26680676005C1BFC /* FeedController.swift */ = {isa = PBXFileReference; lastKnownFileType = sourcecode.swift; path = FeedController.swift; sourceTree = "<group>"; };
		2A9D9CAE26680684005C1BFC /* ConversationController.swift */ = {isa = PBXFileReference; lastKnownFileType = sourcecode.swift; path = ConversationController.swift; sourceTree = "<group>"; };
		2A9D9CB026680697005C1BFC /* ExploreController.swift */ = {isa = PBXFileReference; lastKnownFileType = sourcecode.swift; path = ExploreController.swift; sourceTree = "<group>"; };
		2A9D9CB2266806A9005C1BFC /* NotificationsController.swift */ = {isa = PBXFileReference; lastKnownFileType = sourcecode.swift; path = NotificationsController.swift; sourceTree = "<group>"; };
		2AC16332266BD3480007047A /* Utilities.swift */ = {isa = PBXFileReference; lastKnownFileType = sourcecode.swift; path = Utilities.swift; sourceTree = "<group>"; };
/* End PBXFileReference section */

/* Begin PBXFrameworksBuildPhase section */
		2A9D9C872667FAF4005C1BFC /* Frameworks */ = {
			isa = PBXFrameworksBuildPhase;
			buildActionMask = 2147483647;
			files = (
			);
			runOnlyForDeploymentPostprocessing = 0;
		};
/* End PBXFrameworksBuildPhase section */

/* Begin PBXGroup section */
		2A359CF82669609D00955100 /* Authentication */ = {
			isa = PBXGroup;
			children = (
				2A359CF9266960B800955100 /* LoginController.swift */,
				2A359CFB2669613200955100 /* RegistrationController.swift */,
			);
			path = Authentication;
			sourceTree = "<group>";
		};
		2A9D9C812667FAF4005C1BFC = {
			isa = PBXGroup;
			children = (
				2A9D9CA926680264005C1BFC /* Controller */,
				2A9D9CA826680249005C1BFC /* View */,
				2A9D9CA72667FBF5005C1BFC /* Model */,
				2A9D9CA32667FBE5005C1BFC /* ViewModel */,
				2A9D9CA22667FBE3005C1BFC /* API */,
				2A9D9CA12667FBE1005C1BFC /* Utils */,
				2A9D9C8C2667FAF4005C1BFC /* TwitterClone */,
				2A9D9C8B2667FAF4005C1BFC /* Products */,
			);
			sourceTree = "<group>";
		};
		2A9D9C8B2667FAF4005C1BFC /* Products */ = {
			isa = PBXGroup;
			children = (
				2A9D9C8A2667FAF4005C1BFC /* TwitterClone.app */,
			);
			name = Products;
			sourceTree = "<group>";
		};
		2A9D9C8C2667FAF4005C1BFC /* TwitterClone */ = {
			isa = PBXGroup;
			children = (
				2A9D9C8D2667FAF4005C1BFC /* AppDelegate.swift */,
				2A9D9C8F2667FAF4005C1BFC /* SceneDelegate.swift */,
				2A9D9C932667FAF4005C1BFC /* Main.storyboard */,
				2A9D9C962667FAF5005C1BFC /* Assets.xcassets */,
				2A9D9C982667FAF5005C1BFC /* LaunchScreen.storyboard */,
				2A9D9C9B2667FAF5005C1BFC /* Info.plist */,
			);
			path = TwitterClone;
			sourceTree = "<group>";
		};
		2A9D9CA12667FBE1005C1BFC /* Utils */ = {
			isa = PBXGroup;
			children = (
				2A4B96D82668404200397DEA /* Extensions.swift */,
				2AC16332266BD3480007047A /* Utilities.swift */,
			);
			path = Utils;
			sourceTree = "<group>";
		};
		2A9D9CA22667FBE3005C1BFC /* API */ = {
			isa = PBXGroup;
			children = (
			);
			path = API;
			sourceTree = "<group>";
		};
		2A9D9CA32667FBE5005C1BFC /* ViewModel */ = {
			isa = PBXGroup;
			children = (
			);
			path = ViewModel;
			sourceTree = "<group>";
		};
		2A9D9CA72667FBF5005C1BFC /* Model */ = {
			isa = PBXGroup;
			children = (
			);
			path = Model;
			sourceTree = "<group>";
		};
		2A9D9CA826680249005C1BFC /* View */ = {
			isa = PBXGroup;
			children = (
			);
			path = View;
			sourceTree = "<group>";
		};
		2A9D9CA926680264005C1BFC /* Controller */ = {
			isa = PBXGroup;
			children = (
				2A359CF82669609D00955100 /* Authentication */,
				2A9D9CAA26680333005C1BFC /* MainTabBarController.swift */,
				2A9D9CAC26680676005C1BFC /* FeedController.swift */,
				2A9D9CAE26680684005C1BFC /* ConversationController.swift */,
				2A9D9CB026680697005C1BFC /* ExploreController.swift */,
				2A9D9CB2266806A9005C1BFC /* NotificationsController.swift */,
			);
			path = Controller;
			sourceTree = "<group>";
		};
/* End PBXGroup section */

/* Begin PBXNativeTarget section */
		2A9D9C892667FAF4005C1BFC /* TwitterClone */ = {
			isa = PBXNativeTarget;
			buildConfigurationList = 2A9D9C9E2667FAF5005C1BFC /* Build configuration list for PBXNativeTarget "TwitterClone" */;
			buildPhases = (
				2A9D9C862667FAF4005C1BFC /* Sources */,
				2A9D9C872667FAF4005C1BFC /* Frameworks */,
				2A9D9C882667FAF4005C1BFC /* Resources */,
			);
			buildRules = (
			);
			dependencies = (
			);
			name = TwitterClone;
			productName = TwitterClone;
			productReference = 2A9D9C8A2667FAF4005C1BFC /* TwitterClone.app */;
			productType = "com.apple.product-type.application";
		};
/* End PBXNativeTarget section */

/* Begin PBXProject section */
		2A9D9C822667FAF4005C1BFC /* Project object */ = {
			isa = PBXProject;
			attributes = {
				LastSwiftUpdateCheck = 1130;
				LastUpgradeCheck = 1130;
				ORGANIZATIONNAME = semra;
				TargetAttributes = {
					2A9D9C892667FAF4005C1BFC = {
						CreatedOnToolsVersion = 11.3.1;
					};
				};
			};
			buildConfigurationList = 2A9D9C852667FAF4005C1BFC /* Build configuration list for PBXProject "TwitterClone" */;
			compatibilityVersion = "Xcode 9.3";
			developmentRegion = en;
			hasScannedForEncodings = 0;
			knownRegions = (
				en,
				Base,
			);
			mainGroup = 2A9D9C812667FAF4005C1BFC;
			productRefGroup = 2A9D9C8B2667FAF4005C1BFC /* Products */;
			projectDirPath = "";
			projectRoot = "";
			targets = (
				2A9D9C892667FAF4005C1BFC /* TwitterClone */,
			);
		};
/* End PBXProject section */

/* Begin PBXResourcesBuildPhase section */
		2A9D9C882667FAF4005C1BFC /* Resources */ = {
			isa = PBXResourcesBuildPhase;
			buildActionMask = 2147483647;
			files = (
				2A9D9C9A2667FAF5005C1BFC /* LaunchScreen.storyboard in Resources */,
				2A9D9C972667FAF5005C1BFC /* Assets.xcassets in Resources */,
				2A9D9C952667FAF4005C1BFC /* Main.storyboard in Resources */,
			);
			runOnlyForDeploymentPostprocessing = 0;
		};
/* End PBXResourcesBuildPhase section */

/* Begin PBXSourcesBuildPhase section */
		2A9D9C862667FAF4005C1BFC /* Sources */ = {
			isa = PBXSourcesBuildPhase;
			buildActionMask = 2147483647;
			files = (
				2A9D9C8E2667FAF4005C1BFC /* AppDelegate.swift in Sources */,
				2A9D9CAF26680684005C1BFC /* ConversationController.swift in Sources */,
				2AC16333266BD3480007047A /* Utilities.swift in Sources */,
				2A9D9CAB26680333005C1BFC /* MainTabBarController.swift in Sources */,
				2A359CFC2669613200955100 /* RegistrationController.swift in Sources */,
				2A4B96D92668404200397DEA /* Extensions.swift in Sources */,
				2A359CFA266960B800955100 /* LoginController.swift in Sources */,
				2A9D9C902667FAF4005C1BFC /* SceneDelegate.swift in Sources */,
				2A9D9CB3266806A9005C1BFC /* NotificationsController.swift in Sources */,
				2A9D9CAD26680676005C1BFC /* FeedController.swift in Sources */,
				2A9D9CB126680697005C1BFC /* ExploreController.swift in Sources */,
			);
			runOnlyForDeploymentPostprocessing = 0;
		};
/* End PBXSourcesBuildPhase section */

/* Begin PBXVariantGroup section */
		2A9D9C932667FAF4005C1BFC /* Main.storyboard */ = {
			isa = PBXVariantGroup;
			children = (
				2A9D9C942667FAF4005C1BFC /* Base */,
			);
			name = Main.storyboard;
			sourceTree = "<group>";
		};
		2A9D9C982667FAF5005C1BFC /* LaunchScreen.storyboard */ = {
			isa = PBXVariantGroup;
			children = (
				2A9D9C992667FAF5005C1BFC /* Base */,
			);
			name = LaunchScreen.storyboard;
			sourceTree = "<group>";
		};
/* End PBXVariantGroup section */

/* Begin XCBuildConfiguration section */
		2A9D9C9C2667FAF5005C1BFC /* Debug */ = {
			isa = XCBuildConfiguration;
			buildSettings = {
				ALWAYS_SEARCH_USER_PATHS = NO;
				CLANG_ANALYZER_NONNULL = YES;
				CLANG_ANALYZER_NUMBER_OBJECT_CONVERSION = YES_AGGRESSIVE;
				CLANG_CXX_LANGUAGE_STANDARD = "gnu++14";
				CLANG_CXX_LIBRARY = "libc++";
				CLANG_ENABLE_MODULES = YES;
				CLANG_ENABLE_OBJC_ARC = YES;
				CLANG_ENABLE_OBJC_WEAK = YES;
				CLANG_WARN_BLOCK_CAPTURE_AUTORELEASING = YES;
				CLANG_WARN_BOOL_CONVERSION = YES;
				CLANG_WARN_COMMA = YES;
				CLANG_WARN_CONSTANT_CONVERSION = YES;
				CLANG_WARN_DEPRECATED_OBJC_IMPLEMENTATIONS = YES;
				CLANG_WARN_DIRECT_OBJC_ISA_USAGE = YES_ERROR;
				CLANG_WARN_DOCUMENTATION_COMMENTS = YES;
				CLANG_WARN_EMPTY_BODY = YES;
				CLANG_WARN_ENUM_CONVERSION = YES;
				CLANG_WARN_INFINITE_RECURSION = YES;
				CLANG_WARN_INT_CONVERSION = YES;
				CLANG_WARN_NON_LITERAL_NULL_CONVERSION = YES;
				CLANG_WARN_OBJC_IMPLICIT_RETAIN_SELF = YES;
				CLANG_WARN_OBJC_LITERAL_CONVERSION = YES;
				CLANG_WARN_OBJC_ROOT_CLASS = YES_ERROR;
				CLANG_WARN_RANGE_LOOP_ANALYSIS = YES;
				CLANG_WARN_STRICT_PROTOTYPES = YES;
				CLANG_WARN_SUSPICIOUS_MOVE = YES;
				CLANG_WARN_UNGUARDED_AVAILABILITY = YES_AGGRESSIVE;
				CLANG_WARN_UNREACHABLE_CODE = YES;
				CLANG_WARN__DUPLICATE_METHOD_MATCH = YES;
				COPY_PHASE_STRIP = NO;
				DEBUG_INFORMATION_FORMAT = dwarf;
				ENABLE_STRICT_OBJC_MSGSEND = YES;
				ENABLE_TESTABILITY = YES;
				GCC_C_LANGUAGE_STANDARD = gnu11;
				GCC_DYNAMIC_NO_PIC = NO;
				GCC_NO_COMMON_BLOCKS = YES;
				GCC_OPTIMIZATION_LEVEL = 0;
				GCC_PREPROCESSOR_DEFINITIONS = (
					"DEBUG=1",
					"$(inherited)",
				);
				GCC_WARN_64_TO_32_BIT_CONVERSION = YES;
				GCC_WARN_ABOUT_RETURN_TYPE = YES_ERROR;
				GCC_WARN_UNDECLARED_SELECTOR = YES;
				GCC_WARN_UNINITIALIZED_AUTOS = YES_AGGRESSIVE;
				GCC_WARN_UNUSED_FUNCTION = YES;
				GCC_WARN_UNUSED_VARIABLE = YES;
				IPHONEOS_DEPLOYMENT_TARGET = 13.2;
				MTL_ENABLE_DEBUG_INFO = INCLUDE_SOURCE;
				MTL_FAST_MATH = YES;
				ONLY_ACTIVE_ARCH = YES;
				SDKROOT = iphoneos;
				SWIFT_ACTIVE_COMPILATION_CONDITIONS = DEBUG;
				SWIFT_OPTIMIZATION_LEVEL = "-Onone";
			};
			name = Debug;
		};
		2A9D9C9D2667FAF5005C1BFC /* Release */ = {
			isa = XCBuildConfiguration;
			buildSettings = {
				ALWAYS_SEARCH_USER_PATHS = NO;
				CLANG_ANALYZER_NONNULL = YES;
				CLANG_ANALYZER_NUMBER_OBJECT_CONVERSION = YES_AGGRESSIVE;
				CLANG_CXX_LANGUAGE_STANDARD = "gnu++14";
				CLANG_CXX_LIBRARY = "libc++";
				CLANG_ENABLE_MODULES = YES;
				CLANG_ENABLE_OBJC_ARC = YES;
				CLANG_ENABLE_OBJC_WEAK = YES;
				CLANG_WARN_BLOCK_CAPTURE_AUTORELEASING = YES;
				CLANG_WARN_BOOL_CONVERSION = YES;
				CLANG_WARN_COMMA = YES;
				CLANG_WARN_CONSTANT_CONVERSION = YES;
				CLANG_WARN_DEPRECATED_OBJC_IMPLEMENTATIONS = YES;
				CLANG_WARN_DIRECT_OBJC_ISA_USAGE = YES_ERROR;
				CLANG_WARN_DOCUMENTATION_COMMENTS = YES;
				CLANG_WARN_EMPTY_BODY = YES;
				CLANG_WARN_ENUM_CONVERSION = YES;
				CLANG_WARN_INFINITE_RECURSION = YES;
				CLANG_WARN_INT_CONVERSION = YES;
				CLANG_WARN_NON_LITERAL_NULL_CONVERSION = YES;
				CLANG_WARN_OBJC_IMPLICIT_RETAIN_SELF = YES;
				CLANG_WARN_OBJC_LITERAL_CONVERSION = YES;
				CLANG_WARN_OBJC_ROOT_CLASS = YES_ERROR;
				CLANG_WARN_RANGE_LOOP_ANALYSIS = YES;
				CLANG_WARN_STRICT_PROTOTYPES = YES;
				CLANG_WARN_SUSPICIOUS_MOVE = YES;
				CLANG_WARN_UNGUARDED_AVAILABILITY = YES_AGGRESSIVE;
				CLANG_WARN_UNREACHABLE_CODE = YES;
				CLANG_WARN__DUPLICATE_METHOD_MATCH = YES;
				COPY_PHASE_STRIP = NO;
				DEBUG_INFORMATION_FORMAT = "dwarf-with-dsym";
				ENABLE_NS_ASSERTIONS = NO;
				ENABLE_STRICT_OBJC_MSGSEND = YES;
				GCC_C_LANGUAGE_STANDARD = gnu11;
				GCC_NO_COMMON_BLOCKS = YES;
				GCC_WARN_64_TO_32_BIT_CONVERSION = YES;
				GCC_WARN_ABOUT_RETURN_TYPE = YES_ERROR;
				GCC_WARN_UNDECLARED_SELECTOR = YES;
				GCC_WARN_UNINITIALIZED_AUTOS = YES_AGGRESSIVE;
				GCC_WARN_UNUSED_FUNCTION = YES;
				GCC_WARN_UNUSED_VARIABLE = YES;
				IPHONEOS_DEPLOYMENT_TARGET = 13.2;
				MTL_ENABLE_DEBUG_INFO = NO;
				MTL_FAST_MATH = YES;
				SDKROOT = iphoneos;
				SWIFT_COMPILATION_MODE = wholemodule;
				SWIFT_OPTIMIZATION_LEVEL = "-O";
				VALIDATE_PRODUCT = YES;
			};
			name = Release;
		};
		2A9D9C9F2667FAF5005C1BFC /* Debug */ = {
			isa = XCBuildConfiguration;
			buildSettings = {
				ASSETCATALOG_COMPILER_APPICON_NAME = AppIcon;
				CODE_SIGN_STYLE = Automatic;
				DEVELOPMENT_TEAM = LMD4RUWUFL;
				INFOPLIST_FILE = TwitterClone/Info.plist;
				LD_RUNPATH_SEARCH_PATHS = (
					"$(inherited)",
					"@executable_path/Frameworks",
				);
				PRODUCT_BUNDLE_IDENTIFIER = com.thesemra.TwitterClone;
				PRODUCT_NAME = "$(TARGET_NAME)";
				SWIFT_VERSION = 5.0;
				TARGETED_DEVICE_FAMILY = "1,2";
			};
			name = Debug;
		};
		2A9D9CA02667FAF5005C1BFC /* Release */ = {
			isa = XCBuildConfiguration;
			buildSettings = {
				ASSETCATALOG_COMPILER_APPICON_NAME = AppIcon;
				CODE_SIGN_STYLE = Automatic;
				DEVELOPMENT_TEAM = LMD4RUWUFL;
				INFOPLIST_FILE = TwitterClone/Info.plist;
				LD_RUNPATH_SEARCH_PATHS = (
					"$(inherited)",
					"@executable_path/Frameworks",
				);
				PRODUCT_BUNDLE_IDENTIFIER = com.thesemra.TwitterClone;
				PRODUCT_NAME = "$(TARGET_NAME)";
				SWIFT_VERSION = 5.0;
				TARGETED_DEVICE_FAMILY = "1,2";
			};
			name = Release;
		};
/* End XCBuildConfiguration section */

/* Begin XCConfigurationList section */
		2A9D9C852667FAF4005C1BFC /* Build configuration list for PBXProject "TwitterClone" */ = {
			isa = XCConfigurationList;
			buildConfigurations = (
				2A9D9C9C2667FAF5005C1BFC /* Debug */,
				2A9D9C9D2667FAF5005C1BFC /* Release */,
			);
			defaultConfigurationIsVisible = 0;
			defaultConfigurationName = Release;
		};
		2A9D9C9E2667FAF5005C1BFC /* Build configuration list for PBXNativeTarget "TwitterClone" */ = {
			isa = XCConfigurationList;
			buildConfigurations = (
				2A9D9C9F2667FAF5005C1BFC /* Debug */,
				2A9D9CA02667FAF5005C1BFC /* Release */,
			);
			defaultConfigurationIsVisible = 0;
			defaultConfigurationName = Release;
		};
/* End XCConfigurationList section */
	};
	rootObject = 2A9D9C822667FAF4005C1BFC /* Project object */;
}
